
Microsoft Visual Studio Solution File, Format Version 12.00
# Visual Studio Version 17
VisualStudioVersion = 17.6.33712.159
MinimumVisualStudioVersion = 10.0.40219.1
Project("{8BC9CEB8-8B4A-11D0-8D11-00A0C91BC942}") = "P1", "P1.vcxproj", "{DD1AB7F7-B23E-4A89-BC4F-5DFD50E2DC5D}"
EndProject
Global
	GlobalSection(SolutionConfigurationPlatforms) = preSolution
		Debug|x64 = Debug|x64
		Debug|x86 = Debug|x86
		Release|x64 = Release|x64
		Release|x86 = Release|x86
	EndGlobalSection
	GlobalSection(ProjectConfigurationPlatforms) = postSolution
		{DD1AB7F7-B23E-4A89-BC4F-5DFD50E2DC5D}.Debug|x64.ActiveCfg = Debug|x64
		{DD1AB7F7-B23E-4A89-BC4F-5DFD50E2DC5D}.Debug|x64.Build.0 = Debug|x64
		{DD1AB7F7-B23E-4A89-BC4F-5DFD50E2DC5D}.Debug|x86.ActiveCfg = Debug|Win32
		{DD1AB7F7-B23E-4A89-BC4F-5DFD50E2DC5D}.Debug|x86.Build.0 = Debug|Win32
		{DD1AB7F7-B23E-4A89-BC4F-5DFD50E2DC5D}.Release|x64.ActiveCfg = Release|x64
		{DD1AB7F7-B23E-4A89-BC4F-5DFD50E2DC5D}.Release|x64.Build.0 = Release|x64
		{DD1AB7F7-B23E-4A89-BC4F-5DFD50E2DC5D}.Release|x86.ActiveCfg = Release|Win32
		{DD1AB7F7-B23E-4A89-BC4F-5DFD50E2DC5D}.Release|x86.Build.0 = Release|Win32
	EndGlobalSection
	GlobalSection(SolutionProperties) = preSolution
		HideSolutionNode = FALSE
	EndGlobalSection
	GlobalSection(ExtensibilityGlobals) = postSolution
		SolutionGuid = {3DC068D0-5840-439A-BB69-51B3D55830E8}
	EndGlobalSection
EndGlobal
